
Microsoft Visual Studio Solution File, Format Version 12.00
# Visual Studio 15
VisualStudioVersion = 15.0.27004.2006
MinimumVisualStudioVersion = 10.0.40219.1
Project("{FAE04EC0-301F-11D3-BF4B-00C04F79EFBC}") = "helloworld_reactjs", "helloworld_reactjs\helloworld_reactjs.csproj", "{BC3A1CF5-65C8-41E7-99C5-107972175071}"
EndProject
Global
	GlobalSection(SolutionConfigurationPlatforms) = preSolution
		Debug|Any CPU = Debug|Any CPU
		Release|Any CPU = Release|Any CPU
	EndGlobalSection
	GlobalSection(ProjectConfigurationPlatforms) = postSolution
		{BC3A1CF5-65C8-41E7-99C5-107972175071}.Debug|Any CPU.ActiveCfg = Debug|Any CPU
		{BC3A1CF5-65C8-41E7-99C5-107972175071}.Debug|Any CPU.Build.0 = Debug|Any CPU
		{BC3A1CF5-65C8-41E7-99C5-107972175071}.Release|Any CPU.ActiveCfg = Release|Any CPU
		{BC3A1CF5-65C8-41E7-99C5-107972175071}.Release|Any CPU.Build.0 = Release|Any CPU
	EndGlobalSection
	GlobalSection(SolutionProperties) = preSolution
		HideSolutionNode = FALSE
	EndGlobalSection
	GlobalSection(ExtensibilityGlobals) = postSolution
		SolutionGuid = {B38330F7-2CC7-46D5-8253-8060B5DDD254}
	EndGlobalSection
EndGlobal
