
Microsoft Visual Studio Solution File, Format Version 12.00
# Visual Studio 15
VisualStudioVersion = 15.0.27004.2006
MinimumVisualStudioVersion = 10.0.40219.1
Project("{FAE04EC0-301F-11D3-BF4B-00C04F79EFBC}") = "helloworld_webapi", "helloworld_webapi\helloworld_webapi.csproj", "{9FC34FCF-8C63-4901-B5E4-7BB6930C3594}"
EndProject
Global
	GlobalSection(SolutionConfigurationPlatforms) = preSolution
		Debug|Any CPU = Debug|Any CPU
		Release|Any CPU = Release|Any CPU
	EndGlobalSection
	GlobalSection(ProjectConfigurationPlatforms) = postSolution
		{9FC34FCF-8C63-4901-B5E4-7BB6930C3594}.Debug|Any CPU.ActiveCfg = Debug|Any CPU
		{9FC34FCF-8C63-4901-B5E4-7BB6930C3594}.Debug|Any CPU.Build.0 = Debug|Any CPU
		{9FC34FCF-8C63-4901-B5E4-7BB6930C3594}.Release|Any CPU.ActiveCfg = Release|Any CPU
		{9FC34FCF-8C63-4901-B5E4-7BB6930C3594}.Release|Any CPU.Build.0 = Release|Any CPU
	EndGlobalSection
	GlobalSection(SolutionProperties) = preSolution
		HideSolutionNode = FALSE
	EndGlobalSection
	GlobalSection(ExtensibilityGlobals) = postSolution
		SolutionGuid = {5B31D23B-A41E-4556-B92E-FF1DB22AB265}
	EndGlobalSection
EndGlobal
