
Microsoft Visual Studio Solution File, Format Version 12.00
# Visual Studio 2012
Project("{FAE04EC0-301F-11D3-BF4B-00C04F79EFBC}") = "helloworld_razor", "helloworld_razor\helloworld_razor.csproj", "{84C026C8-C6E9-4DFC-80B5-6D6344C23821}"
EndProject
Global
	GlobalSection(SolutionConfigurationPlatforms) = preSolution
		Debug|Any CPU = Debug|Any CPU
		Release|Any CPU = Release|Any CPU
	EndGlobalSection
	GlobalSection(ProjectConfigurationPlatforms) = postSolution
		{84C026C8-C6E9-4DFC-80B5-6D6344C23821}.Debug|Any CPU.ActiveCfg = Debug|Any CPU
		{84C026C8-C6E9-4DFC-80B5-6D6344C23821}.Debug|Any CPU.Build.0 = Debug|Any CPU
		{84C026C8-C6E9-4DFC-80B5-6D6344C23821}.Release|Any CPU.ActiveCfg = Release|Any CPU
		{84C026C8-C6E9-4DFC-80B5-6D6344C23821}.Release|Any CPU.Build.0 = Release|Any CPU
	EndGlobalSection
EndGlobal
