
Microsoft Visual Studio Solution File, Format Version 12.00
# Visual Studio 2012
Project("{FAE04EC0-301F-11D3-BF4B-00C04F79EFBC}") = "helloworld_console", "helloworld_console\helloworld_console.csproj", "{8310E88A-EEEA-4EBA-B8E9-71ED1C78B78B}"
EndProject
Global
	GlobalSection(SolutionConfigurationPlatforms) = preSolution
		Debug|Any CPU = Debug|Any CPU
		Release|Any CPU = Release|Any CPU
	EndGlobalSection
	GlobalSection(ProjectConfigurationPlatforms) = postSolution
		{8310E88A-EEEA-4EBA-B8E9-71ED1C78B78B}.Debug|Any CPU.ActiveCfg = Debug|Any CPU
		{8310E88A-EEEA-4EBA-B8E9-71ED1C78B78B}.Debug|Any CPU.Build.0 = Debug|Any CPU
		{8310E88A-EEEA-4EBA-B8E9-71ED1C78B78B}.Release|Any CPU.ActiveCfg = Release|Any CPU
		{8310E88A-EEEA-4EBA-B8E9-71ED1C78B78B}.Release|Any CPU.Build.0 = Release|Any CPU
	EndGlobalSection
EndGlobal
