
Microsoft Visual Studio Solution File, Format Version 12.00
# Visual Studio 2012
Project("{FAE04EC0-301F-11D3-BF4B-00C04F79EFBC}") = "helloword_webappRazor", "helloword_webappRazor\helloword_webappRazor.csproj", "{4483451E-76B1-482D-B63D-28251C6903DD}"
EndProject
Global
	GlobalSection(SolutionConfigurationPlatforms) = preSolution
		Debug|Any CPU = Debug|Any CPU
		Release|Any CPU = Release|Any CPU
	EndGlobalSection
	GlobalSection(ProjectConfigurationPlatforms) = postSolution
		{4483451E-76B1-482D-B63D-28251C6903DD}.Debug|Any CPU.ActiveCfg = Debug|Any CPU
		{4483451E-76B1-482D-B63D-28251C6903DD}.Debug|Any CPU.Build.0 = Debug|Any CPU
		{4483451E-76B1-482D-B63D-28251C6903DD}.Release|Any CPU.ActiveCfg = Release|Any CPU
		{4483451E-76B1-482D-B63D-28251C6903DD}.Release|Any CPU.Build.0 = Release|Any CPU
	EndGlobalSection
EndGlobal
